
Microsoft Visual Studio Solution File, Format Version 12.00
Project("{FAE04EC0-301F-11D3-BF4B-00C04F79EFBC}") = "DodoBrands.AspNet.SessionProviders.TestWeb", "DodoBrands.AspNet.SessionProviders.TestWeb\DodoBrands.AspNet.SessionProviders.TestWeb.csproj", "{F0C4D859-AF96-47E9-BCBA-FFC537B387D2}"
EndProject
Project("{FAE04EC0-301F-11D3-BF4B-00C04F79EFBC}") = "DodoBrands.AspNet.SessionProviders.Tests", "DodoBrands.AspNet.SessionProviders.Tests\DodoBrands.AspNet.SessionProviders.Tests.csproj", "{4CD5C703-5836-447F-ACFB-7314E40B4D11}"
EndProject
Project("{FAE04EC0-301F-11D3-BF4B-00C04F79EFBC}") = "DodoBrands.AspNet.SessionProviders", "DodoBrands.AspNet.SessionProviders\DodoBrands.AspNet.SessionProviders.csproj", "{3B4C7E84-B069-4ACE-A671-B08F539A54C7}"
EndProject
Global
	GlobalSection(SolutionConfigurationPlatforms) = preSolution
		Debug|Any CPU = Debug|Any CPU
		Release|Any CPU = Release|Any CPU
	EndGlobalSection
	GlobalSection(ProjectConfigurationPlatforms) = postSolution
		{F0C4D859-AF96-47E9-BCBA-FFC537B387D2}.Debug|Any CPU.ActiveCfg = Debug|Any CPU
		{F0C4D859-AF96-47E9-BCBA-FFC537B387D2}.Debug|Any CPU.Build.0 = Debug|Any CPU
		{F0C4D859-AF96-47E9-BCBA-FFC537B387D2}.Release|Any CPU.ActiveCfg = Release|Any CPU
		{F0C4D859-AF96-47E9-BCBA-FFC537B387D2}.Release|Any CPU.Build.0 = Release|Any CPU
		{4CD5C703-5836-447F-ACFB-7314E40B4D11}.Debug|Any CPU.ActiveCfg = Debug|Any CPU
		{4CD5C703-5836-447F-ACFB-7314E40B4D11}.Debug|Any CPU.Build.0 = Debug|Any CPU
		{4CD5C703-5836-447F-ACFB-7314E40B4D11}.Release|Any CPU.ActiveCfg = Release|Any CPU
		{4CD5C703-5836-447F-ACFB-7314E40B4D11}.Release|Any CPU.Build.0 = Release|Any CPU
		{3B4C7E84-B069-4ACE-A671-B08F539A54C7}.Debug|Any CPU.ActiveCfg = Debug|Any CPU
		{3B4C7E84-B069-4ACE-A671-B08F539A54C7}.Debug|Any CPU.Build.0 = Debug|Any CPU
		{3B4C7E84-B069-4ACE-A671-B08F539A54C7}.Release|Any CPU.ActiveCfg = Release|Any CPU
		{3B4C7E84-B069-4ACE-A671-B08F539A54C7}.Release|Any CPU.Build.0 = Release|Any CPU
	EndGlobalSection
EndGlobal
